// !$*UTF8*$!
{
	archiveVersion = 1;
	classes = {
	};
	objectVersion = 56;
	objects = {

/* Begin PBXBuildFile section */
		1430894D2B60A0350034CD0F /* AppDelegate.swift in Sources */ = {isa = PBXBuildFile; fileRef = 1430894C2B60A0350034CD0F /* AppDelegate.swift */; };
		1430894F2B60A0350034CD0F /* SceneDelegate.swift in Sources */ = {isa = PBXBuildFile; fileRef = 1430894E2B60A0350034CD0F /* SceneDelegate.swift */; };
		143089512B60A0350034CD0F /* StartVC.swift in Sources */ = {isa = PBXBuildFile; fileRef = 143089502B60A0350034CD0F /* StartVC.swift */; };
		143089542B60A0350034CD0F /* Main.storyboard in Resources */ = {isa = PBXBuildFile; fileRef = 143089522B60A0350034CD0F /* Main.storyboard */; };
		143089562B60A0360034CD0F /* Assets.xcassets in Resources */ = {isa = PBXBuildFile; fileRef = 143089552B60A0360034CD0F /* Assets.xcassets */; };
		143089592B60A0360034CD0F /* LaunchScreen.storyboard in Resources */ = {isa = PBXBuildFile; fileRef = 143089572B60A0360034CD0F /* LaunchScreen.storyboard */; };
		143F24432B9530EC007B4B7F /* RecipeRunViewModel.swift in Sources */ = {isa = PBXBuildFile; fileRef = 143F24422B9530EC007B4B7F /* RecipeRunViewModel.swift */; };
		143F24452B953628007B4B7F /* RecipeRunView.swift in Sources */ = {isa = PBXBuildFile; fileRef = 143F24442B953628007B4B7F /* RecipeRunView.swift */; };
		145117B82B7A9D1A0095090E /* LoginVC.swift in Sources */ = {isa = PBXBuildFile; fileRef = 145117B72B7A9D1A0095090E /* LoginVC.swift */; };
		145117BA2B7A9DB10095090E /* CreateAccountVC.swift in Sources */ = {isa = PBXBuildFile; fileRef = 145117B92B7A9DB10095090E /* CreateAccountVC.swift */; };
		145117BC2B7AC1740095090E /* HomeScreenVC.swift in Sources */ = {isa = PBXBuildFile; fileRef = 145117BB2B7AC1740095090E /* HomeScreenVC.swift */; };
		149BDB382BC5F9C10028F86A /* SavedView.swift in Sources */ = {isa = PBXBuildFile; fileRef = 149BDB372BC5F9C10028F86A /* SavedView.swift */; };
		149BDB3A2BC5F9CD0028F86A /* RankView.swift in Sources */ = {isa = PBXBuildFile; fileRef = 149BDB392BC5F9CD0028F86A /* RankView.swift */; };
		149BDB3C2BC6130B0028F86A /* SavedViewModel.swift in Sources */ = {isa = PBXBuildFile; fileRef = 149BDB3B2BC6130B0028F86A /* SavedViewModel.swift */; };
		881E80B32B793C6C008F65D5 /* GoogleService-Info.plist in Resources */ = {isa = PBXBuildFile; fileRef = 881E80B22B793C6C008F65D5 /* GoogleService-Info.plist */; };
		881E80C22B793D0F008F65D5 /* FirebaseAuth in Frameworks */ = {isa = PBXBuildFile; productRef = 881E80C12B793D0F008F65D5 /* FirebaseAuth */; };
		881E80C42B793D0F008F65D5 /* FirebaseAuthCombine-Community in Frameworks */ = {isa = PBXBuildFile; productRef = 881E80C32B793D0F008F65D5 /* FirebaseAuthCombine-Community */; };
		881E80CE2B793D0F008F65D5 /* FirebaseFirestore in Frameworks */ = {isa = PBXBuildFile; productRef = 881E80CD2B793D0F008F65D5 /* FirebaseFirestore */; };
		881E80D02B793D0F008F65D5 /* FirebaseFirestoreCombine-Community in Frameworks */ = {isa = PBXBuildFile; productRef = 881E80CF2B793D0F008F65D5 /* FirebaseFirestoreCombine-Community */; };
		881E80D22B793D0F008F65D5 /* FirebaseFirestoreSwift in Frameworks */ = {isa = PBXBuildFile; productRef = 881E80D12B793D0F008F65D5 /* FirebaseFirestoreSwift */; };
		881E80D42B793D0F008F65D5 /* FirebaseFunctions in Frameworks */ = {isa = PBXBuildFile; productRef = 881E80D32B793D0F008F65D5 /* FirebaseFunctions */; };
		881E80D62B793D0F008F65D5 /* FirebaseFunctionsCombine-Community in Frameworks */ = {isa = PBXBuildFile; productRef = 881E80D52B793D0F008F65D5 /* FirebaseFunctionsCombine-Community */; };
		881E80DC2B793D0F008F65D5 /* FirebaseInstallations in Frameworks */ = {isa = PBXBuildFile; productRef = 881E80DB2B793D0F008F65D5 /* FirebaseInstallations */; };
		881E80E82B793D0F008F65D5 /* FirebaseStorage in Frameworks */ = {isa = PBXBuildFile; productRef = 881E80E72B793D0F008F65D5 /* FirebaseStorage */; };
		881E80EA2B793D0F008F65D5 /* FirebaseStorageCombine-Community in Frameworks */ = {isa = PBXBuildFile; productRef = 881E80E92B793D0F008F65D5 /* FirebaseStorageCombine-Community */; };
		882302EF2BC465F70064067A /* HistoryView.swift in Sources */ = {isa = PBXBuildFile; fileRef = 882302EE2BC465F70064067A /* HistoryView.swift */; };
		882302F12BC46F9E0064067A /* HistoryViewModel.swift in Sources */ = {isa = PBXBuildFile; fileRef = 882302F02BC46F9E0064067A /* HistoryViewModel.swift */; };
		8847B5262B79965400B28D79 /* API.swift in Sources */ = {isa = PBXBuildFile; fileRef = 8847B5252B79965400B28D79 /* API.swift */; };
		8847B5292B79968D00B28D79 /* NetworkRequestable.swift in Sources */ = {isa = PBXBuildFile; fileRef = 8847B5282B79968D00B28D79 /* NetworkRequestable.swift */; };
		88F630702B7AA04E009A1F23 /* HomeView.swift in Sources */ = {isa = PBXBuildFile; fileRef = 88F6306F2B7AA04E009A1F23 /* HomeView.swift */; };
		88F630722B7AA079009A1F23 /* HomeViewModel.swift in Sources */ = {isa = PBXBuildFile; fileRef = 88F630712B7AA079009A1F23 /* HomeViewModel.swift */; };
		88F630742B7AA0DF009A1F23 /* CategoriesFetcher.swift in Sources */ = {isa = PBXBuildFile; fileRef = 88F630732B7AA0DF009A1F23 /* CategoriesFetcher.swift */; };
		88F630772B7AA266009A1F23 /* Category.swift in Sources */ = {isa = PBXBuildFile; fileRef = 88F630762B7AA266009A1F23 /* Category.swift */; };
		88F630792B7AB8CA009A1F23 /* Meals.swift in Sources */ = {isa = PBXBuildFile; fileRef = 88F630782B7AB8CA009A1F23 /* Meals.swift */; };
		88F6307B2B7AB9F1009A1F23 /* MealsView.swift in Sources */ = {isa = PBXBuildFile; fileRef = 88F6307A2B7AB9F1009A1F23 /* MealsView.swift */; };
		88F6307E2B7ABA24009A1F23 /* CategoryView.swift in Sources */ = {isa = PBXBuildFile; fileRef = 88F6307D2B7ABA24009A1F23 /* CategoryView.swift */; };
		88F630802B7ABA57009A1F23 /* MealViewModel.swift in Sources */ = {isa = PBXBuildFile; fileRef = 88F6307F2B7ABA57009A1F23 /* MealViewModel.swift */; };
		88F630822B7ABAB4009A1F23 /* MealsFetcher.swift in Sources */ = {isa = PBXBuildFile; fileRef = 88F630812B7ABAB4009A1F23 /* MealsFetcher.swift */; };
		88F630842B7AFACA009A1F23 /* MealCardView.swift in Sources */ = {isa = PBXBuildFile; fileRef = 88F630832B7AFACA009A1F23 /* MealCardView.swift */; };
		88F630862B7AFFFB009A1F23 /* RecipeView.swift in Sources */ = {isa = PBXBuildFile; fileRef = 88F630852B7AFFFB009A1F23 /* RecipeView.swift */; };
		88F630882B7B004B009A1F23 /* RecipeViewModel.swift in Sources */ = {isa = PBXBuildFile; fileRef = 88F630872B7B004B009A1F23 /* RecipeViewModel.swift */; };
		88F6308A2B7B007C009A1F23 /* RecipeFetcher.swift in Sources */ = {isa = PBXBuildFile; fileRef = 88F630892B7B007C009A1F23 /* RecipeFetcher.swift */; };
		88F6308C2B7B0125009A1F23 /* Recipe.swift in Sources */ = {isa = PBXBuildFile; fileRef = 88F6308B2B7B0125009A1F23 /* Recipe.swift */; };
/* End PBXBuildFile section */

/* Begin PBXFileReference section */
		143089492B60A0350034CD0F /* Taste Craft.app */ = {isa = PBXFileReference; explicitFileType = wrapper.application; includeInIndex = 0; path = "Taste Craft.app"; sourceTree = BUILT_PRODUCTS_DIR; };
		1430894C2B60A0350034CD0F /* AppDelegate.swift */ = {isa = PBXFileReference; lastKnownFileType = sourcecode.swift; path = AppDelegate.swift; sourceTree = "<group>"; };
		1430894E2B60A0350034CD0F /* SceneDelegate.swift */ = {isa = PBXFileReference; lastKnownFileType = sourcecode.swift; path = SceneDelegate.swift; sourceTree = "<group>"; };
		143089502B60A0350034CD0F /* StartVC.swift */ = {isa = PBXFileReference; lastKnownFileType = sourcecode.swift; path = StartVC.swift; sourceTree = "<group>"; };
		143089532B60A0350034CD0F /* Base */ = {isa = PBXFileReference; lastKnownFileType = file.storyboard; name = Base; path = Base.lproj/Main.storyboard; sourceTree = "<group>"; };
		143089552B60A0360034CD0F /* Assets.xcassets */ = {isa = PBXFileReference; lastKnownFileType = folder.assetcatalog; path = Assets.xcassets; sourceTree = "<group>"; };
		143089582B60A0360034CD0F /* Base */ = {isa = PBXFileReference; lastKnownFileType = file.storyboard; name = Base; path = Base.lproj/LaunchScreen.storyboard; sourceTree = "<group>"; };
		1430895A2B60A0360034CD0F /* Info.plist */ = {isa = PBXFileReference; lastKnownFileType = text.plist.xml; path = Info.plist; sourceTree = "<group>"; };
		143F24422B9530EC007B4B7F /* RecipeRunViewModel.swift */ = {isa = PBXFileReference; lastKnownFileType = sourcecode.swift; path = RecipeRunViewModel.swift; sourceTree = "<group>"; };
		143F24442B953628007B4B7F /* RecipeRunView.swift */ = {isa = PBXFileReference; lastKnownFileType = sourcecode.swift; path = RecipeRunView.swift; sourceTree = "<group>"; };
		145117B72B7A9D1A0095090E /* LoginVC.swift */ = {isa = PBXFileReference; lastKnownFileType = sourcecode.swift; path = LoginVC.swift; sourceTree = "<group>"; };
		145117B92B7A9DB10095090E /* CreateAccountVC.swift */ = {isa = PBXFileReference; lastKnownFileType = sourcecode.swift; path = CreateAccountVC.swift; sourceTree = "<group>"; };
		145117BB2B7AC1740095090E /* HomeScreenVC.swift */ = {isa = PBXFileReference; lastKnownFileType = sourcecode.swift; path = HomeScreenVC.swift; sourceTree = "<group>"; };
		149BDB372BC5F9C10028F86A /* SavedView.swift */ = {isa = PBXFileReference; lastKnownFileType = sourcecode.swift; path = SavedView.swift; sourceTree = "<group>"; };
		149BDB392BC5F9CD0028F86A /* RankView.swift */ = {isa = PBXFileReference; lastKnownFileType = sourcecode.swift; path = RankView.swift; sourceTree = "<group>"; };
		149BDB3B2BC6130B0028F86A /* SavedViewModel.swift */ = {isa = PBXFileReference; lastKnownFileType = sourcecode.swift; path = SavedViewModel.swift; sourceTree = "<group>"; };
		881E80B22B793C6C008F65D5 /* GoogleService-Info.plist */ = {isa = PBXFileReference; fileEncoding = 4; lastKnownFileType = text.plist.xml; path = "GoogleService-Info.plist"; sourceTree = "<group>"; };
		882302EE2BC465F70064067A /* HistoryView.swift */ = {isa = PBXFileReference; lastKnownFileType = sourcecode.swift; path = HistoryView.swift; sourceTree = "<group>"; };
		882302F02BC46F9E0064067A /* HistoryViewModel.swift */ = {isa = PBXFileReference; lastKnownFileType = sourcecode.swift; path = HistoryViewModel.swift; sourceTree = "<group>"; };
		8847B5252B79965400B28D79 /* API.swift */ = {isa = PBXFileReference; lastKnownFileType = sourcecode.swift; path = API.swift; sourceTree = "<group>"; };
		8847B5282B79968D00B28D79 /* NetworkRequestable.swift */ = {isa = PBXFileReference; lastKnownFileType = sourcecode.swift; path = NetworkRequestable.swift; sourceTree = "<group>"; };
		88727CE12B60AC7600F2DFCA /* README.md */ = {isa = PBXFileReference; lastKnownFileType = net.daringfireball.markdown; path = README.md; sourceTree = "<group>"; };
		88F6306F2B7AA04E009A1F23 /* HomeView.swift */ = {isa = PBXFileReference; lastKnownFileType = sourcecode.swift; path = HomeView.swift; sourceTree = "<group>"; };
		88F630712B7AA079009A1F23 /* HomeViewModel.swift */ = {isa = PBXFileReference; lastKnownFileType = sourcecode.swift; path = HomeViewModel.swift; sourceTree = "<group>"; };
		88F630732B7AA0DF009A1F23 /* CategoriesFetcher.swift */ = {isa = PBXFileReference; lastKnownFileType = sourcecode.swift; path = CategoriesFetcher.swift; sourceTree = "<group>"; };
		88F630762B7AA266009A1F23 /* Category.swift */ = {isa = PBXFileReference; lastKnownFileType = sourcecode.swift; path = Category.swift; sourceTree = "<group>"; };
		88F630782B7AB8CA009A1F23 /* Meals.swift */ = {isa = PBXFileReference; lastKnownFileType = sourcecode.swift; path = Meals.swift; sourceTree = "<group>"; };
		88F6307A2B7AB9F1009A1F23 /* MealsView.swift */ = {isa = PBXFileReference; lastKnownFileType = sourcecode.swift; path = MealsView.swift; sourceTree = "<group>"; };
		88F6307D2B7ABA24009A1F23 /* CategoryView.swift */ = {isa = PBXFileReference; lastKnownFileType = sourcecode.swift; path = CategoryView.swift; sourceTree = "<group>"; };
		88F6307F2B7ABA57009A1F23 /* MealViewModel.swift */ = {isa = PBXFileReference; lastKnownFileType = sourcecode.swift; path = MealViewModel.swift; sourceTree = "<group>"; };
		88F630812B7ABAB4009A1F23 /* MealsFetcher.swift */ = {isa = PBXFileReference; lastKnownFileType = sourcecode.swift; path = MealsFetcher.swift; sourceTree = "<group>"; };
		88F630832B7AFACA009A1F23 /* MealCardView.swift */ = {isa = PBXFileReference; lastKnownFileType = sourcecode.swift; path = MealCardView.swift; sourceTree = "<group>"; };
		88F630852B7AFFFB009A1F23 /* RecipeView.swift */ = {isa = PBXFileReference; lastKnownFileType = sourcecode.swift; path = RecipeView.swift; sourceTree = "<group>"; };
		88F630872B7B004B009A1F23 /* RecipeViewModel.swift */ = {isa = PBXFileReference; lastKnownFileType = sourcecode.swift; path = RecipeViewModel.swift; sourceTree = "<group>"; };
		88F630892B7B007C009A1F23 /* RecipeFetcher.swift */ = {isa = PBXFileReference; lastKnownFileType = sourcecode.swift; path = RecipeFetcher.swift; sourceTree = "<group>"; };
		88F6308B2B7B0125009A1F23 /* Recipe.swift */ = {isa = PBXFileReference; lastKnownFileType = sourcecode.swift; path = Recipe.swift; sourceTree = "<group>"; };
/* End PBXFileReference section */

/* Begin PBXFrameworksBuildPhase section */
		143089462B60A0350034CD0F /* Frameworks */ = {
			isa = PBXFrameworksBuildPhase;
			buildActionMask = 2147483647;
			files = (
				881E80D62B793D0F008F65D5 /* FirebaseFunctionsCombine-Community in Frameworks */,
				881E80CE2B793D0F008F65D5 /* FirebaseFirestore in Frameworks */,
				881E80D22B793D0F008F65D5 /* FirebaseFirestoreSwift in Frameworks */,
				881E80C22B793D0F008F65D5 /* FirebaseAuth in Frameworks */,
				881E80D42B793D0F008F65D5 /* FirebaseFunctions in Frameworks */,
				881E80EA2B793D0F008F65D5 /* FirebaseStorageCombine-Community in Frameworks */,
				881E80C42B793D0F008F65D5 /* FirebaseAuthCombine-Community in Frameworks */,
				881E80E82B793D0F008F65D5 /* FirebaseStorage in Frameworks */,
				881E80D02B793D0F008F65D5 /* FirebaseFirestoreCombine-Community in Frameworks */,
				881E80DC2B793D0F008F65D5 /* FirebaseInstallations in Frameworks */,
			);
			runOnlyForDeploymentPostprocessing = 0;
		};
/* End PBXFrameworksBuildPhase section */

/* Begin PBXGroup section */
		143089402B60A0350034CD0F = {
			isa = PBXGroup;
			children = (
				88727CE12B60AC7600F2DFCA /* README.md */,
				1430894B2B60A0350034CD0F /* Taste Craft */,
				1430894A2B60A0350034CD0F /* Products */,
			);
			sourceTree = "<group>";
		};
		1430894A2B60A0350034CD0F /* Products */ = {
			isa = PBXGroup;
			children = (
				143089492B60A0350034CD0F /* Taste Craft.app */,
			);
			name = Products;
			sourceTree = "<group>";
		};
		1430894B2B60A0350034CD0F /* Taste Craft */ = {
			isa = PBXGroup;
			children = (
				8847B5222B79962300B28D79 /* App */,
				8847B52B2B7997E700B28D79 /* Model */,
				8847B5232B79963500B28D79 /* View */,
				8847B52A2B7997DF00B28D79 /* ViewModel */,
				8847B5272B79968000B28D79 /* Services */,
				143089522B60A0350034CD0F /* Main.storyboard */,
				143089552B60A0360034CD0F /* Assets.xcassets */,
				143089572B60A0360034CD0F /* LaunchScreen.storyboard */,
				881E80B22B793C6C008F65D5 /* GoogleService-Info.plist */,
				1430895A2B60A0360034CD0F /* Info.plist */,
			);
			path = "Taste Craft";
			sourceTree = "<group>";
		};
		8847B5222B79962300B28D79 /* App */ = {
			isa = PBXGroup;
			children = (
				8847B5242B79964500B28D79 /* Enums */,
				1430894C2B60A0350034CD0F /* AppDelegate.swift */,
				1430894E2B60A0350034CD0F /* SceneDelegate.swift */,
			);
			path = App;
			sourceTree = "<group>";
		};
		8847B5232B79963500B28D79 /* View */ = {
			isa = PBXGroup;
			children = (
				88F6307C2B7ABA09009A1F23 /* Components */,
				88F630852B7AFFFB009A1F23 /* RecipeView.swift */,
				143F24442B953628007B4B7F /* RecipeRunView.swift */,
				88F6306F2B7AA04E009A1F23 /* HomeView.swift */,
				88F6307A2B7AB9F1009A1F23 /* MealsView.swift */,
				143089502B60A0350034CD0F /* StartVC.swift */,
				145117B72B7A9D1A0095090E /* LoginVC.swift */,
				145117B92B7A9DB10095090E /* CreateAccountVC.swift */,
				145117BB2B7AC1740095090E /* HomeScreenVC.swift */,
				882302EE2BC465F70064067A /* HistoryView.swift */,
				149BDB372BC5F9C10028F86A /* SavedView.swift */,
				149BDB392BC5F9CD0028F86A /* RankView.swift */,
			);
			path = View;
			sourceTree = "<group>";
		};
		8847B5242B79964500B28D79 /* Enums */ = {
			isa = PBXGroup;
			children = (
				8847B5252B79965400B28D79 /* API.swift */,
			);
			path = Enums;
			sourceTree = "<group>";
		};
		8847B5272B79968000B28D79 /* Services */ = {
			isa = PBXGroup;
			children = (
				88F630752B7AA0FD009A1F23 /* API */,
				8847B5282B79968D00B28D79 /* NetworkRequestable.swift */,
			);
			path = Services;
			sourceTree = "<group>";
		};
		8847B52A2B7997DF00B28D79 /* ViewModel */ = {
			isa = PBXGroup;
			children = (
				88F630712B7AA079009A1F23 /* HomeViewModel.swift */,
				143F24422B9530EC007B4B7F /* RecipeRunViewModel.swift */,
				88F6307F2B7ABA57009A1F23 /* MealViewModel.swift */,
				88F630872B7B004B009A1F23 /* RecipeViewModel.swift */,
				882302F02BC46F9E0064067A /* HistoryViewModel.swift */,
				149BDB3B2BC6130B0028F86A /* SavedViewModel.swift */,
			);
			path = ViewModel;
			sourceTree = "<group>";
		};
		8847B52B2B7997E700B28D79 /* Model */ = {
			isa = PBXGroup;
			children = (
				88F630762B7AA266009A1F23 /* Category.swift */,
				88F630782B7AB8CA009A1F23 /* Meals.swift */,
				88F6308B2B7B0125009A1F23 /* Recipe.swift */,
			);
			path = Model;
			sourceTree = "<group>";
		};
		88F630752B7AA0FD009A1F23 /* API */ = {
			isa = PBXGroup;
			children = (
				88F630892B7B007C009A1F23 /* RecipeFetcher.swift */,
				88F630812B7ABAB4009A1F23 /* MealsFetcher.swift */,
				88F630732B7AA0DF009A1F23 /* CategoriesFetcher.swift */,
			);
			path = API;
			sourceTree = "<group>";
		};
		88F6307C2B7ABA09009A1F23 /* Components */ = {
			isa = PBXGroup;
			children = (
				88F6307D2B7ABA24009A1F23 /* CategoryView.swift */,
				88F630832B7AFACA009A1F23 /* MealCardView.swift */,
			);
			path = Components;
			sourceTree = "<group>";
		};
/* End PBXGroup section */

/* Begin PBXNativeTarget section */
		143089482B60A0350034CD0F /* Taste Craft */ = {
			isa = PBXNativeTarget;
			buildConfigurationList = 1430895D2B60A0360034CD0F /* Build configuration list for PBXNativeTarget "Taste Craft" */;
			buildPhases = (
				143089452B60A0350034CD0F /* Sources */,
				143089462B60A0350034CD0F /* Frameworks */,
				143089472B60A0350034CD0F /* Resources */,
			);
			buildRules = (
			);
			dependencies = (
			);
			name = "Taste Craft";
			packageProductDependencies = (
				881E80C12B793D0F008F65D5 /* FirebaseAuth */,
				881E80C32B793D0F008F65D5 /* FirebaseAuthCombine-Community */,
				881E80CD2B793D0F008F65D5 /* FirebaseFirestore */,
				881E80CF2B793D0F008F65D5 /* FirebaseFirestoreCombine-Community */,
				881E80D12B793D0F008F65D5 /* FirebaseFirestoreSwift */,
				881E80D32B793D0F008F65D5 /* FirebaseFunctions */,
				881E80D52B793D0F008F65D5 /* FirebaseFunctionsCombine-Community */,
				881E80DB2B793D0F008F65D5 /* FirebaseInstallations */,
				881E80E72B793D0F008F65D5 /* FirebaseStorage */,
				881E80E92B793D0F008F65D5 /* FirebaseStorageCombine-Community */,
			);
			productName = "Don't Starve!";
			productReference = 143089492B60A0350034CD0F /* Taste Craft.app */;
			productType = "com.apple.product-type.application";
		};
/* End PBXNativeTarget section */

/* Begin PBXProject section */
		143089412B60A0350034CD0F /* Project object */ = {
			isa = PBXProject;
			attributes = {
				BuildIndependentTargetsInParallel = 1;
				LastSwiftUpdateCheck = 1520;
				LastUpgradeCheck = 1530;
				TargetAttributes = {
					143089482B60A0350034CD0F = {
						CreatedOnToolsVersion = 15.2;
					};
				};
			};
			buildConfigurationList = 143089442B60A0350034CD0F /* Build configuration list for PBXProject "Taste Craft" */;
			compatibilityVersion = "Xcode 14.0";
			developmentRegion = en;
			hasScannedForEncodings = 0;
			knownRegions = (
				en,
				Base,
			);
			mainGroup = 143089402B60A0350034CD0F;
			packageReferences = (
				881E80B42B793D0F008F65D5 /* XCRemoteSwiftPackageReference "firebase-ios-sdk" */,
			);
			productRefGroup = 1430894A2B60A0350034CD0F /* Products */;
			projectDirPath = "";
			projectRoot = "";
			targets = (
				143089482B60A0350034CD0F /* Taste Craft */,
			);
		};
/* End PBXProject section */

/* Begin PBXResourcesBuildPhase section */
		143089472B60A0350034CD0F /* Resources */ = {
			isa = PBXResourcesBuildPhase;
			buildActionMask = 2147483647;
			files = (
				143089592B60A0360034CD0F /* LaunchScreen.storyboard in Resources */,
				881E80B32B793C6C008F65D5 /* GoogleService-Info.plist in Resources */,
				143089562B60A0360034CD0F /* Assets.xcassets in Resources */,
				143089542B60A0350034CD0F /* Main.storyboard in Resources */,
			);
			runOnlyForDeploymentPostprocessing = 0;
		};
/* End PBXResourcesBuildPhase section */

/* Begin PBXSourcesBuildPhase section */
		143089452B60A0350034CD0F /* Sources */ = {
			isa = PBXSourcesBuildPhase;
			buildActionMask = 2147483647;
			files = (
				149BDB3A2BC5F9CD0028F86A /* RankView.swift in Sources */,
				143089512B60A0350034CD0F /* StartVC.swift in Sources */,
				88F630842B7AFACA009A1F23 /* MealCardView.swift in Sources */,
				88F630742B7AA0DF009A1F23 /* CategoriesFetcher.swift in Sources */,
				88F630792B7AB8CA009A1F23 /* Meals.swift in Sources */,
				1430894D2B60A0350034CD0F /* AppDelegate.swift in Sources */,
				149BDB382BC5F9C10028F86A /* SavedView.swift in Sources */,
				88F630722B7AA079009A1F23 /* HomeViewModel.swift in Sources */,
				145117B82B7A9D1A0095090E /* LoginVC.swift in Sources */,
				882302EF2BC465F70064067A /* HistoryView.swift in Sources */,
				88F630882B7B004B009A1F23 /* RecipeViewModel.swift in Sources */,
				8847B5262B79965400B28D79 /* API.swift in Sources */,
				88F630772B7AA266009A1F23 /* Category.swift in Sources */,
				882302F12BC46F9E0064067A /* HistoryViewModel.swift in Sources */,
				88F630802B7ABA57009A1F23 /* MealViewModel.swift in Sources */,
				143F24432B9530EC007B4B7F /* RecipeRunViewModel.swift in Sources */,
				88F630862B7AFFFB009A1F23 /* RecipeView.swift in Sources */,
				88F630702B7AA04E009A1F23 /* HomeView.swift in Sources */,
				149BDB3C2BC6130B0028F86A /* SavedViewModel.swift in Sources */,
				145117BA2B7A9DB10095090E /* CreateAccountVC.swift in Sources */,
				88F6307B2B7AB9F1009A1F23 /* MealsView.swift in Sources */,
				88F630822B7ABAB4009A1F23 /* MealsFetcher.swift in Sources */,
				8847B5292B79968D00B28D79 /* NetworkRequestable.swift in Sources */,
				143F24452B953628007B4B7F /* RecipeRunView.swift in Sources */,
				1430894F2B60A0350034CD0F /* SceneDelegate.swift in Sources */,
				88F6307E2B7ABA24009A1F23 /* CategoryView.swift in Sources */,
				88F6308A2B7B007C009A1F23 /* RecipeFetcher.swift in Sources */,
				88F6308C2B7B0125009A1F23 /* Recipe.swift in Sources */,
				145117BC2B7AC1740095090E /* HomeScreenVC.swift in Sources */,
			);
			runOnlyForDeploymentPostprocessing = 0;
		};
/* End PBXSourcesBuildPhase section */

/* Begin PBXVariantGroup section */
		143089522B60A0350034CD0F /* Main.storyboard */ = {
			isa = PBXVariantGroup;
			children = (
				143089532B60A0350034CD0F /* Base */,
			);
			name = Main.storyboard;
			sourceTree = "<group>";
		};
		143089572B60A0360034CD0F /* LaunchScreen.storyboard */ = {
			isa = PBXVariantGroup;
			children = (
				143089582B60A0360034CD0F /* Base */,
			);
			name = LaunchScreen.storyboard;
			sourceTree = "<group>";
		};
/* End PBXVariantGroup section */

/* Begin XCBuildConfiguration section */
		1430895B2B60A0360034CD0F /* Debug */ = {
			isa = XCBuildConfiguration;
			buildSettings = {
				ALWAYS_SEARCH_USER_PATHS = NO;
				ASSETCATALOG_COMPILER_GENERATE_SWIFT_ASSET_SYMBOL_EXTENSIONS = YES;
				CLANG_ANALYZER_NONNULL = YES;
				CLANG_ANALYZER_NUMBER_OBJECT_CONVERSION = YES_AGGRESSIVE;
				CLANG_CXX_LANGUAGE_STANDARD = "gnu++20";
				CLANG_ENABLE_MODULES = YES;
				CLANG_ENABLE_OBJC_ARC = YES;
				CLANG_ENABLE_OBJC_WEAK = YES;
				CLANG_WARN_BLOCK_CAPTURE_AUTORELEASING = YES;
				CLANG_WARN_BOOL_CONVERSION = YES;
				CLANG_WARN_COMMA = YES;
				CLANG_WARN_CONSTANT_CONVERSION = YES;
				CLANG_WARN_DEPRECATED_OBJC_IMPLEMENTATIONS = YES;
				CLANG_WARN_DIRECT_OBJC_ISA_USAGE = YES_ERROR;
				CLANG_WARN_DOCUMENTATION_COMMENTS = YES;
				CLANG_WARN_EMPTY_BODY = YES;
				CLANG_WARN_ENUM_CONVERSION = YES;
				CLANG_WARN_INFINITE_RECURSION = YES;
				CLANG_WARN_INT_CONVERSION = YES;
				CLANG_WARN_NON_LITERAL_NULL_CONVERSION = YES;
				CLANG_WARN_OBJC_IMPLICIT_RETAIN_SELF = YES;
				CLANG_WARN_OBJC_LITERAL_CONVERSION = YES;
				CLANG_WARN_OBJC_ROOT_CLASS = YES_ERROR;
				CLANG_WARN_QUOTED_INCLUDE_IN_FRAMEWORK_HEADER = YES;
				CLANG_WARN_RANGE_LOOP_ANALYSIS = YES;
				CLANG_WARN_STRICT_PROTOTYPES = YES;
				CLANG_WARN_SUSPICIOUS_MOVE = YES;
				CLANG_WARN_UNGUARDED_AVAILABILITY = YES_AGGRESSIVE;
				CLANG_WARN_UNREACHABLE_CODE = YES;
				CLANG_WARN__DUPLICATE_METHOD_MATCH = YES;
				COPY_PHASE_STRIP = NO;
				DEBUG_INFORMATION_FORMAT = dwarf;
				ENABLE_STRICT_OBJC_MSGSEND = YES;
				ENABLE_TESTABILITY = YES;
				ENABLE_USER_SCRIPT_SANDBOXING = YES;
				GCC_C_LANGUAGE_STANDARD = gnu17;
				GCC_DYNAMIC_NO_PIC = NO;
				GCC_NO_COMMON_BLOCKS = YES;
				GCC_OPTIMIZATION_LEVEL = 0;
				GCC_PREPROCESSOR_DEFINITIONS = (
					"DEBUG=1",
					"$(inherited)",
				);
				GCC_WARN_64_TO_32_BIT_CONVERSION = YES;
				GCC_WARN_ABOUT_RETURN_TYPE = YES_ERROR;
				GCC_WARN_UNDECLARED_SELECTOR = YES;
				GCC_WARN_UNINITIALIZED_AUTOS = YES_AGGRESSIVE;
				GCC_WARN_UNUSED_FUNCTION = YES;
				GCC_WARN_UNUSED_VARIABLE = YES;
				IPHONEOS_DEPLOYMENT_TARGET = 17.2;
				LOCALIZATION_PREFERS_STRING_CATALOGS = YES;
				MTL_ENABLE_DEBUG_INFO = INCLUDE_SOURCE;
				MTL_FAST_MATH = YES;
				ONLY_ACTIVE_ARCH = YES;
				SDKROOT = iphoneos;
				SWIFT_ACTIVE_COMPILATION_CONDITIONS = "DEBUG $(inherited)";
				SWIFT_OPTIMIZATION_LEVEL = "-Onone";
			};
			name = Debug;
		};
		1430895C2B60A0360034CD0F /* Release */ = {
			isa = XCBuildConfiguration;
			buildSettings = {
				ALWAYS_SEARCH_USER_PATHS = NO;
				ASSETCATALOG_COMPILER_GENERATE_SWIFT_ASSET_SYMBOL_EXTENSIONS = YES;
				CLANG_ANALYZER_NONNULL = YES;
				CLANG_ANALYZER_NUMBER_OBJECT_CONVERSION = YES_AGGRESSIVE;
				CLANG_CXX_LANGUAGE_STANDARD = "gnu++20";
				CLANG_ENABLE_MODULES = YES;
				CLANG_ENABLE_OBJC_ARC = YES;
				CLANG_ENABLE_OBJC_WEAK = YES;
				CLANG_WARN_BLOCK_CAPTURE_AUTORELEASING = YES;
				CLANG_WARN_BOOL_CONVERSION = YES;
				CLANG_WARN_COMMA = YES;
				CLANG_WARN_CONSTANT_CONVERSION = YES;
				CLANG_WARN_DEPRECATED_OBJC_IMPLEMENTATIONS = YES;
				CLANG_WARN_DIRECT_OBJC_ISA_USAGE = YES_ERROR;
				CLANG_WARN_DOCUMENTATION_COMMENTS = YES;
				CLANG_WARN_EMPTY_BODY = YES;
				CLANG_WARN_ENUM_CONVERSION = YES;
				CLANG_WARN_INFINITE_RECURSION = YES;
				CLANG_WARN_INT_CONVERSION = YES;
				CLANG_WARN_NON_LITERAL_NULL_CONVERSION = YES;
				CLANG_WARN_OBJC_IMPLICIT_RETAIN_SELF = YES;
				CLANG_WARN_OBJC_LITERAL_CONVERSION = YES;
				CLANG_WARN_OBJC_ROOT_CLASS = YES_ERROR;
				CLANG_WARN_QUOTED_INCLUDE_IN_FRAMEWORK_HEADER = YES;
				CLANG_WARN_RANGE_LOOP_ANALYSIS = YES;
				CLANG_WARN_STRICT_PROTOTYPES = YES;
				CLANG_WARN_SUSPICIOUS_MOVE = YES;
				CLANG_WARN_UNGUARDED_AVAILABILITY = YES_AGGRESSIVE;
				CLANG_WARN_UNREACHABLE_CODE = YES;
				CLANG_WARN__DUPLICATE_METHOD_MATCH = YES;
				COPY_PHASE_STRIP = NO;
				DEBUG_INFORMATION_FORMAT = "dwarf-with-dsym";
				ENABLE_NS_ASSERTIONS = NO;
				ENABLE_STRICT_OBJC_MSGSEND = YES;
				ENABLE_USER_SCRIPT_SANDBOXING = YES;
				GCC_C_LANGUAGE_STANDARD = gnu17;
				GCC_NO_COMMON_BLOCKS = YES;
				GCC_WARN_64_TO_32_BIT_CONVERSION = YES;
				GCC_WARN_ABOUT_RETURN_TYPE = YES_ERROR;
				GCC_WARN_UNDECLARED_SELECTOR = YES;
				GCC_WARN_UNINITIALIZED_AUTOS = YES_AGGRESSIVE;
				GCC_WARN_UNUSED_FUNCTION = YES;
				GCC_WARN_UNUSED_VARIABLE = YES;
				IPHONEOS_DEPLOYMENT_TARGET = 17.2;
				LOCALIZATION_PREFERS_STRING_CATALOGS = YES;
				MTL_ENABLE_DEBUG_INFO = NO;
				MTL_FAST_MATH = YES;
				SDKROOT = iphoneos;
				SWIFT_COMPILATION_MODE = wholemodule;
				VALIDATE_PRODUCT = YES;
			};
			name = Release;
		};
		1430895E2B60A0360034CD0F /* Debug */ = {
			isa = XCBuildConfiguration;
			buildSettings = {
				ASSETCATALOG_COMPILER_APPICON_NAME = AppIcon;
				ASSETCATALOG_COMPILER_GLOBAL_ACCENT_COLOR_NAME = AccentColor;
				CODE_SIGN_STYLE = Automatic;
				CURRENT_PROJECT_VERSION = 1;
				DEVELOPMENT_TEAM = 5Q2G7C7C3U;
				GENERATE_INFOPLIST_FILE = YES;
				INFOPLIST_FILE = "Taste Craft/Info.plist";
				INFOPLIST_KEY_UIApplicationSupportsIndirectInputEvents = YES;
				INFOPLIST_KEY_UILaunchStoryboardName = LaunchScreen;
				INFOPLIST_KEY_UIMainStoryboardFile = Main;
				INFOPLIST_KEY_UISupportedInterfaceOrientations_iPad = "UIInterfaceOrientationPortrait UIInterfaceOrientationPortraitUpsideDown UIInterfaceOrientationLandscapeLeft UIInterfaceOrientationLandscapeRight";
				INFOPLIST_KEY_UISupportedInterfaceOrientations_iPhone = "UIInterfaceOrientationPortrait UIInterfaceOrientationLandscapeLeft UIInterfaceOrientationLandscapeRight";
				LD_RUNPATH_SEARCH_PATHS = (
					"$(inherited)",
					"@executable_path/Frameworks",
				);
				MARKETING_VERSION = 1.0;
				PRODUCT_BUNDLE_IDENTIFIER = "com.group2.taste-craft";
				PRODUCT_NAME = "$(TARGET_NAME)";
				SWIFT_EMIT_LOC_STRINGS = YES;
				SWIFT_VERSION = 5.0;
				TARGETED_DEVICE_FAMILY = "1,2";
			};
			name = Debug;
		};
		1430895F2B60A0360034CD0F /* Release */ = {
			isa = XCBuildConfiguration;
			buildSettings = {
				ASSETCATALOG_COMPILER_APPICON_NAME = AppIcon;
				ASSETCATALOG_COMPILER_GLOBAL_ACCENT_COLOR_NAME = AccentColor;
				CODE_SIGN_STYLE = Automatic;
				CURRENT_PROJECT_VERSION = 1;
				DEVELOPMENT_TEAM = 5Q2G7C7C3U;
				GENERATE_INFOPLIST_FILE = YES;
				INFOPLIST_FILE = "Taste Craft/Info.plist";
				INFOPLIST_KEY_UIApplicationSupportsIndirectInputEvents = YES;
				INFOPLIST_KEY_UILaunchStoryboardName = LaunchScreen;
				INFOPLIST_KEY_UIMainStoryboardFile = Main;
				INFOPLIST_KEY_UISupportedInterfaceOrientations_iPad = "UIInterfaceOrientationPortrait UIInterfaceOrientationPortraitUpsideDown UIInterfaceOrientationLandscapeLeft UIInterfaceOrientationLandscapeRight";
				INFOPLIST_KEY_UISupportedInterfaceOrientations_iPhone = "UIInterfaceOrientationPortrait UIInterfaceOrientationLandscapeLeft UIInterfaceOrientationLandscapeRight";
				LD_RUNPATH_SEARCH_PATHS = (
					"$(inherited)",
					"@executable_path/Frameworks",
				);
				MARKETING_VERSION = 1.0;
				PRODUCT_BUNDLE_IDENTIFIER = "com.group2.taste-craft";
				PRODUCT_NAME = "$(TARGET_NAME)";
				SWIFT_EMIT_LOC_STRINGS = YES;
				SWIFT_VERSION = 5.0;
				TARGETED_DEVICE_FAMILY = "1,2";
			};
			name = Release;
		};
/* End XCBuildConfiguration section */

/* Begin XCConfigurationList section */
		143089442B60A0350034CD0F /* Build configuration list for PBXProject "Taste Craft" */ = {
			isa = XCConfigurationList;
			buildConfigurations = (
				1430895B2B60A0360034CD0F /* Debug */,
				1430895C2B60A0360034CD0F /* Release */,
			);
			defaultConfigurationIsVisible = 0;
			defaultConfigurationName = Release;
		};
		1430895D2B60A0360034CD0F /* Build configuration list for PBXNativeTarget "Taste Craft" */ = {
			isa = XCConfigurationList;
			buildConfigurations = (
				1430895E2B60A0360034CD0F /* Debug */,
				1430895F2B60A0360034CD0F /* Release */,
			);
			defaultConfigurationIsVisible = 0;
			defaultConfigurationName = Release;
		};
/* End XCConfigurationList section */

/* Begin XCRemoteSwiftPackageReference section */
		881E80B42B793D0F008F65D5 /* XCRemoteSwiftPackageReference "firebase-ios-sdk" */ = {
			isa = XCRemoteSwiftPackageReference;
			repositoryURL = "https://github.com/firebase/firebase-ios-sdk";
			requirement = {
				kind = upToNextMinorVersion;
				minimumVersion = 10.22.1;
			};
		};
/* End XCRemoteSwiftPackageReference section */

/* Begin XCSwiftPackageProductDependency section */
		881E80C12B793D0F008F65D5 /* FirebaseAuth */ = {
			isa = XCSwiftPackageProductDependency;
			package = 881E80B42B793D0F008F65D5 /* XCRemoteSwiftPackageReference "firebase-ios-sdk" */;
			productName = FirebaseAuth;
		};
		881E80C32B793D0F008F65D5 /* FirebaseAuthCombine-Community */ = {
			isa = XCSwiftPackageProductDependency;
			package = 881E80B42B793D0F008F65D5 /* XCRemoteSwiftPackageReference "firebase-ios-sdk" */;
			productName = "FirebaseAuthCombine-Community";
		};
		881E80CD2B793D0F008F65D5 /* FirebaseFirestore */ = {
			isa = XCSwiftPackageProductDependency;
			package = 881E80B42B793D0F008F65D5 /* XCRemoteSwiftPackageReference "firebase-ios-sdk" */;
			productName = FirebaseFirestore;
		};
		881E80CF2B793D0F008F65D5 /* FirebaseFirestoreCombine-Community */ = {
			isa = XCSwiftPackageProductDependency;
			package = 881E80B42B793D0F008F65D5 /* XCRemoteSwiftPackageReference "firebase-ios-sdk" */;
			productName = "FirebaseFirestoreCombine-Community";
		};
		881E80D12B793D0F008F65D5 /* FirebaseFirestoreSwift */ = {
			isa = XCSwiftPackageProductDependency;
			package = 881E80B42B793D0F008F65D5 /* XCRemoteSwiftPackageReference "firebase-ios-sdk" */;
			productName = FirebaseFirestoreSwift;
		};
		881E80D32B793D0F008F65D5 /* FirebaseFunctions */ = {
			isa = XCSwiftPackageProductDependency;
			package = 881E80B42B793D0F008F65D5 /* XCRemoteSwiftPackageReference "firebase-ios-sdk" */;
			productName = FirebaseFunctions;
		};
		881E80D52B793D0F008F65D5 /* FirebaseFunctionsCombine-Community */ = {
			isa = XCSwiftPackageProductDependency;
			package = 881E80B42B793D0F008F65D5 /* XCRemoteSwiftPackageReference "firebase-ios-sdk" */;
			productName = "FirebaseFunctionsCombine-Community";
		};
		881E80DB2B793D0F008F65D5 /* FirebaseInstallations */ = {
			isa = XCSwiftPackageProductDependency;
			package = 881E80B42B793D0F008F65D5 /* XCRemoteSwiftPackageReference "firebase-ios-sdk" */;
			productName = FirebaseInstallations;
		};
		881E80E72B793D0F008F65D5 /* FirebaseStorage */ = {
			isa = XCSwiftPackageProductDependency;
			package = 881E80B42B793D0F008F65D5 /* XCRemoteSwiftPackageReference "firebase-ios-sdk" */;
			productName = FirebaseStorage;
		};
		881E80E92B793D0F008F65D5 /* FirebaseStorageCombine-Community */ = {
			isa = XCSwiftPackageProductDependency;
			package = 881E80B42B793D0F008F65D5 /* XCRemoteSwiftPackageReference "firebase-ios-sdk" */;
			productName = "FirebaseStorageCombine-Community";
		};
/* End XCSwiftPackageProductDependency section */
	};
	rootObject = 143089412B60A0350034CD0F /* Project object */;
}
